// !$*UTF8*$!
{
	archiveVersion = 1;
	classes = {
	};
	objectVersion = 50;
	objects = {

/* Begin PBXBuildFile section */
		18623055265B7F750023A83F /* AppDelegate.m in Sources */ = {isa = PBXBuildFile; fileRef = 18623054265B7F750023A83F /* AppDelegate.m */; };
		1862305B265B7F750023A83F /* ViewController.m in Sources */ = {isa = PBXBuildFile; fileRef = 1862305A265B7F750023A83F /* ViewController.m */; };
		1862305E265B7F750023A83F /* Main.storyboard in Resources */ = {isa = PBXBuildFile; fileRef = 1862305C265B7F750023A83F /* Main.storyboard */; };
		18623060265B7F790023A83F /* Assets.xcassets in Resources */ = {isa = PBXBuildFile; fileRef = 1862305F265B7F790023A83F /* Assets.xcassets */; };
		18623063265B7F790023A83F /* LaunchScreen.storyboard in Resources */ = {isa = PBXBuildFile; fileRef = 18623061265B7F790023A83F /* LaunchScreen.storyboard */; };
		18623066265B7F790023A83F /* main.m in Sources */ = {isa = PBXBuildFile; fileRef = 18623065265B7F790023A83F /* main.m */; };
		18623076265B7FE30023A83F /* JHURLSchemeHandler.m in Sources */ = {isa = PBXBuildFile; fileRef = 18623075265B7FE30023A83F /* JHURLSchemeHandler.m */; };
		1862307C265B9DFB0023A83F /* index.html in Resources */ = {isa = PBXBuildFile; fileRef = 1862307B265B9DFB0023A83F /* index.html */; };
		18623081265BA25B0023A83F /* photo2.png in Resources */ = {isa = PBXBuildFile; fileRef = 1862307F265BA25B0023A83F /* photo2.png */; };
		18623082265BA25B0023A83F /* photo1.png in Resources */ = {isa = PBXBuildFile; fileRef = 18623080265BA25B0023A83F /* photo1.png */; };
		18623086265BA5750023A83F /* MobileCoreServices.framework in Frameworks */ = {isa = PBXBuildFile; fileRef = 18623085265BA5750023A83F /* MobileCoreServices.framework */; };
		18623089265BA8510023A83F /* index.css in Resources */ = {isa = PBXBuildFile; fileRef = 18623088265BA8510023A83F /* index.css */; };
		1862308C265BB3D80023A83F /* index.js in Resources */ = {isa = PBXBuildFile; fileRef = 1862308B265BB3D80023A83F /* index.js */; };
/* End PBXBuildFile section */

/* Begin PBXFileReference section */
		18623050265B7F750023A83F /* JHURLSchemeHandler.app */ = {isa = PBXFileReference; explicitFileType = wrapper.application; includeInIndex = 0; path = JHURLSchemeHandler.app; sourceTree = BUILT_PRODUCTS_DIR; };
		18623053265B7F750023A83F /* AppDelegate.h */ = {isa = PBXFileReference; lastKnownFileType = sourcecode.c.h; path = AppDelegate.h; sourceTree = "<group>"; };
		18623054265B7F750023A83F /* AppDelegate.m */ = {isa = PBXFileReference; lastKnownFileType = sourcecode.c.objc; path = AppDelegate.m; sourceTree = "<group>"; };
		18623059265B7F750023A83F /* ViewController.h */ = {isa = PBXFileReference; lastKnownFileType = sourcecode.c.h; path = ViewController.h; sourceTree = "<group>"; };
		1862305A265B7F750023A83F /* ViewController.m */ = {isa = PBXFileReference; lastKnownFileType = sourcecode.c.objc; path = ViewController.m; sourceTree = "<group>"; };
		1862305D265B7F750023A83F /* Base */ = {isa = PBXFileReference; lastKnownFileType = file.storyboard; name = Base; path = Base.lproj/Main.storyboard; sourceTree = "<group>"; };
		1862305F265B7F790023A83F /* Assets.xcassets */ = {isa = PBXFileReference; lastKnownFileType = folder.assetcatalog; path = Assets.xcassets; sourceTree = "<group>"; };
		18623062265B7F790023A83F /* Base */ = {isa = PBXFileReference; lastKnownFileType = file.storyboard; name = Base; path = Base.lproj/LaunchScreen.storyboard; sourceTree = "<group>"; };
		18623064265B7F790023A83F /* Info.plist */ = {isa = PBXFileReference; lastKnownFileType = text.plist.xml; path = Info.plist; sourceTree = "<group>"; };
		18623065265B7F790023A83F /* main.m */ = {isa = PBXFileReference; lastKnownFileType = sourcecode.c.objc; path = main.m; sourceTree = "<group>"; };
		18623074265B7FE30023A83F /* JHURLSchemeHandler.h */ = {isa = PBXFileReference; lastKnownFileType = sourcecode.c.h; path = JHURLSchemeHandler.h; sourceTree = "<group>"; };
		18623075265B7FE30023A83F /* JHURLSchemeHandler.m */ = {isa = PBXFileReference; lastKnownFileType = sourcecode.c.objc; path = JHURLSchemeHandler.m; sourceTree = "<group>"; };
		1862307B265B9DFB0023A83F /* index.html */ = {isa = PBXFileReference; fileEncoding = 4; lastKnownFileType = text.html; path = index.html; sourceTree = "<group>"; };
		1862307F265BA25B0023A83F /* photo2.png */ = {isa = PBXFileReference; lastKnownFileType = image.png; path = photo2.png; sourceTree = "<group>"; };
		18623080265BA25B0023A83F /* photo1.png */ = {isa = PBXFileReference; lastKnownFileType = image.png; path = photo1.png; sourceTree = "<group>"; };
		18623085265BA5750023A83F /* MobileCoreServices.framework */ = {isa = PBXFileReference; lastKnownFileType = wrapper.framework; name = MobileCoreServices.framework; path = System/Library/Frameworks/MobileCoreServices.framework; sourceTree = SDKROOT; };
		18623088265BA8510023A83F /* index.css */ = {isa = PBXFileReference; fileEncoding = 4; lastKnownFileType = text.css; path = index.css; sourceTree = "<group>"; };
		1862308B265BB3D80023A83F /* index.js */ = {isa = PBXFileReference; fileEncoding = 4; lastKnownFileType = sourcecode.javascript; path = index.js; sourceTree = "<group>"; };
/* End PBXFileReference section */

/* Begin PBXFrameworksBuildPhase section */
		1862304D265B7F750023A83F /* Frameworks */ = {
			isa = PBXFrameworksBuildPhase;
			buildActionMask = 2147483647;
			files = (
				18623086265BA5750023A83F /* MobileCoreServices.framework in Frameworks */,
			);
			runOnlyForDeploymentPostprocessing = 0;
		};
/* End PBXFrameworksBuildPhase section */

/* Begin PBXGroup section */
		18623047265B7F750023A83F = {
			isa = PBXGroup;
			children = (
				18623052265B7F750023A83F /* JHURLSchemeHandler */,
				18623051265B7F750023A83F /* Products */,
				18623084265BA5740023A83F /* Frameworks */,
			);
			sourceTree = "<group>";
		};
		18623051265B7F750023A83F /* Products */ = {
			isa = PBXGroup;
			children = (
				18623050265B7F750023A83F /* JHURLSchemeHandler.app */,
			);
			name = Products;
			sourceTree = "<group>";
		};
		18623052265B7F750023A83F /* JHURLSchemeHandler */ = {
			isa = PBXGroup;
			children = (
				1862307A265B9DFB0023A83F /* Source */,
				18623078265B9DD70023A83F /* JHURLSchemeHandler */,
				18623053265B7F750023A83F /* AppDelegate.h */,
				18623054265B7F750023A83F /* AppDelegate.m */,
				18623059265B7F750023A83F /* ViewController.h */,
				1862305A265B7F750023A83F /* ViewController.m */,
				1862305C265B7F750023A83F /* Main.storyboard */,
				1862305F265B7F790023A83F /* Assets.xcassets */,
				18623061265B7F790023A83F /* LaunchScreen.storyboard */,
				18623064265B7F790023A83F /* Info.plist */,
				18623065265B7F790023A83F /* main.m */,
			);
			path = JHURLSchemeHandler;
			sourceTree = "<group>";
		};
		18623078265B9DD70023A83F /* JHURLSchemeHandler */ = {
			isa = PBXGroup;
			children = (
				18623074265B7FE30023A83F /* JHURLSchemeHandler.h */,
				18623075265B7FE30023A83F /* JHURLSchemeHandler.m */,
			);
			path = JHURLSchemeHandler;
			sourceTree = "<group>";
		};
		1862307A265B9DFB0023A83F /* Source */ = {
			isa = PBXGroup;
			children = (
				18623088265BA8510023A83F /* index.css */,
				1862307B265B9DFB0023A83F /* index.html */,
				1862308B265BB3D80023A83F /* index.js */,
				18623080265BA25B0023A83F /* photo1.png */,
				1862307F265BA25B0023A83F /* photo2.png */,
			);
			path = Source;
			sourceTree = "<group>";
		};
		18623084265BA5740023A83F /* Frameworks */ = {
			isa = PBXGroup;
			children = (
				18623085265BA5750023A83F /* MobileCoreServices.framework */,
			);
			name = Frameworks;
			sourceTree = "<group>";
		};
/* End PBXGroup section */

/* Begin PBXNativeTarget section */
		1862304F265B7F750023A83F /* JHURLSchemeHandler */ = {
			isa = PBXNativeTarget;
			buildConfigurationList = 18623069265B7F790023A83F /* Build configuration list for PBXNativeTarget "JHURLSchemeHandler" */;
			buildPhases = (
				1862304C265B7F750023A83F /* Sources */,
				1862304D265B7F750023A83F /* Frameworks */,
				1862304E265B7F750023A83F /* Resources */,
			);
			buildRules = (
			);
			dependencies = (
			);
			name = JHURLSchemeHandler;
			productName = JHURLSchemeHandler;
			productReference = 18623050265B7F750023A83F /* JHURLSchemeHandler.app */;
			productType = "com.apple.product-type.application";
		};
/* End PBXNativeTarget section */

/* Begin PBXProject section */
		18623048265B7F750023A83F /* Project object */ = {
			isa = PBXProject;
			attributes = {
				LastUpgradeCheck = 1240;
				TargetAttributes = {
					1862304F265B7F750023A83F = {
						CreatedOnToolsVersion = 12.4;
					};
				};
			};
			buildConfigurationList = 1862304B265B7F750023A83F /* Build configuration list for PBXProject "JHURLSchemeHandler" */;
			compatibilityVersion = "Xcode 9.3";
			developmentRegion = en;
			hasScannedForEncodings = 0;
			knownRegions = (
				en,
				Base,
			);
			mainGroup = 18623047265B7F750023A83F;
			productRefGroup = 18623051265B7F750023A83F /* Products */;
			projectDirPath = "";
			projectRoot = "";
			targets = (
				1862304F265B7F750023A83F /* JHURLSchemeHandler */,
			);
		};
/* End PBXProject section */

/* Begin PBXResourcesBuildPhase section */
		1862304E265B7F750023A83F /* Resources */ = {
			isa = PBXResourcesBuildPhase;
			buildActionMask = 2147483647;
			files = (
				18623082265BA25B0023A83F /* photo1.png in Resources */,
				18623081265BA25B0023A83F /* photo2.png in Resources */,
				18623063265B7F790023A83F /* LaunchScreen.storyboard in Resources */,
				1862308C265BB3D80023A83F /* index.js in Resources */,
				1862307C265B9DFB0023A83F /* index.html in Resources */,
				18623089265BA8510023A83F /* index.css in Resources */,
				18623060265B7F790023A83F /* Assets.xcassets in Resources */,
				1862305E265B7F750023A83F /* Main.storyboard in Resources */,
			);
			runOnlyForDeploymentPostprocessing = 0;
		};
/* End PBXResourcesBuildPhase section */

/* Begin PBXSourcesBuildPhase section */
		1862304C265B7F750023A83F /* Sources */ = {
			isa = PBXSourcesBuildPhase;
			buildActionMask = 2147483647;
			files = (
				1862305B265B7F750023A83F /* ViewController.m in Sources */,
				18623055265B7F750023A83F /* AppDelegate.m in Sources */,
				18623066265B7F790023A83F /* main.m in Sources */,
				18623076265B7FE30023A83F /* JHURLSchemeHandler.m in Sources */,
			);
			runOnlyForDeploymentPostprocessing = 0;
		};
/* End PBXSourcesBuildPhase section */

/* Begin PBXVariantGroup section */
		1862305C265B7F750023A83F /* Main.storyboard */ = {
			isa = PBXVariantGroup;
			children = (
				1862305D265B7F750023A83F /* Base */,
			);
			name = Main.storyboard;
			sourceTree = "<group>";
		};
		18623061265B7F790023A83F /* LaunchScreen.storyboard */ = {
			isa = PBXVariantGroup;
			children = (
				18623062265B7F790023A83F /* Base */,
			);
			name = LaunchScreen.storyboard;
			sourceTree = "<group>";
		};
/* End PBXVariantGroup section */

/* Begin XCBuildConfiguration section */
		18623067265B7F790023A83F /* Debug */ = {
			isa = XCBuildConfiguration;
			buildSettings = {
				ALWAYS_SEARCH_USER_PATHS = NO;
				CLANG_ANALYZER_NONNULL = YES;
				CLANG_ANALYZER_NUMBER_OBJECT_CONVERSION = YES_AGGRESSIVE;
				CLANG_CXX_LANGUAGE_STANDARD = "gnu++14";
				CLANG_CXX_LIBRARY = "libc++";
				CLANG_ENABLE_MODULES = YES;
				CLANG_ENABLE_OBJC_ARC = YES;
				CLANG_ENABLE_OBJC_WEAK = YES;
				CLANG_WARN_BLOCK_CAPTURE_AUTORELEASING = YES;
				CLANG_WARN_BOOL_CONVERSION = YES;
				CLANG_WARN_COMMA = YES;
				CLANG_WARN_CONSTANT_CONVERSION = YES;
				CLANG_WARN_DEPRECATED_OBJC_IMPLEMENTATIONS = YES;
				CLANG_WARN_DIRECT_OBJC_ISA_USAGE = YES_ERROR;
				CLANG_WARN_DOCUMENTATION_COMMENTS = YES;
				CLANG_WARN_EMPTY_BODY = YES;
				CLANG_WARN_ENUM_CONVERSION = YES;
				CLANG_WARN_INFINITE_RECURSION = YES;
				CLANG_WARN_INT_CONVERSION = YES;
				CLANG_WARN_NON_LITERAL_NULL_CONVERSION = YES;
				CLANG_WARN_OBJC_IMPLICIT_RETAIN_SELF = YES;
				CLANG_WARN_OBJC_LITERAL_CONVERSION = YES;
				CLANG_WARN_OBJC_ROOT_CLASS = YES_ERROR;
				CLANG_WARN_QUOTED_INCLUDE_IN_FRAMEWORK_HEADER = YES;
				CLANG_WARN_RANGE_LOOP_ANALYSIS = YES;
				CLANG_WARN_STRICT_PROTOTYPES = YES;
				CLANG_WARN_SUSPICIOUS_MOVE = YES;
				CLANG_WARN_UNGUARDED_AVAILABILITY = YES_AGGRESSIVE;
				CLANG_WARN_UNREACHABLE_CODE = YES;
				CLANG_WARN__DUPLICATE_METHOD_MATCH = YES;
				COPY_PHASE_STRIP = NO;
				DEBUG_INFORMATION_FORMAT = dwarf;
				ENABLE_STRICT_OBJC_MSGSEND = YES;
				ENABLE_TESTABILITY = YES;
				GCC_C_LANGUAGE_STANDARD = gnu11;
				GCC_DYNAMIC_NO_PIC = NO;
				GCC_NO_COMMON_BLOCKS = YES;
				GCC_OPTIMIZATION_LEVEL = 0;
				GCC_PREPROCESSOR_DEFINITIONS = (
					"DEBUG=1",
					"$(inherited)",
				);
				GCC_WARN_64_TO_32_BIT_CONVERSION = YES;
				GCC_WARN_ABOUT_RETURN_TYPE = YES_ERROR;
				GCC_WARN_UNDECLARED_SELECTOR = YES;
				GCC_WARN_UNINITIALIZED_AUTOS = YES_AGGRESSIVE;
				GCC_WARN_UNUSED_FUNCTION = YES;
				GCC_WARN_UNUSED_VARIABLE = YES;
				IPHONEOS_DEPLOYMENT_TARGET = 14.4;
				MTL_ENABLE_DEBUG_INFO = INCLUDE_SOURCE;
				MTL_FAST_MATH = YES;
				ONLY_ACTIVE_ARCH = YES;
				SDKROOT = iphoneos;
			};
			name = Debug;
		};
		18623068265B7F790023A83F /* Release */ = {
			isa = XCBuildConfiguration;
			buildSettings = {
				ALWAYS_SEARCH_USER_PATHS = NO;
				CLANG_ANALYZER_NONNULL = YES;
				CLANG_ANALYZER_NUMBER_OBJECT_CONVERSION = YES_AGGRESSIVE;
				CLANG_CXX_LANGUAGE_STANDARD = "gnu++14";
				CLANG_CXX_LIBRARY = "libc++";
				CLANG_ENABLE_MODULES = YES;
				CLANG_ENABLE_OBJC_ARC = YES;
				CLANG_ENABLE_OBJC_WEAK = YES;
				CLANG_WARN_BLOCK_CAPTURE_AUTORELEASING = YES;
				CLANG_WARN_BOOL_CONVERSION = YES;
				CLANG_WARN_COMMA = YES;
				CLANG_WARN_CONSTANT_CONVERSION = YES;
				CLANG_WARN_DEPRECATED_OBJC_IMPLEMENTATIONS = YES;
				CLANG_WARN_DIRECT_OBJC_ISA_USAGE = YES_ERROR;
				CLANG_WARN_DOCUMENTATION_COMMENTS = YES;
				CLANG_WARN_EMPTY_BODY = YES;
				CLANG_WARN_ENUM_CONVERSION = YES;
				CLANG_WARN_INFINITE_RECURSION = YES;
				CLANG_WARN_INT_CONVERSION = YES;
				CLANG_WARN_NON_LITERAL_NULL_CONVERSION = YES;
				CLANG_WARN_OBJC_IMPLICIT_RETAIN_SELF = YES;
				CLANG_WARN_OBJC_LITERAL_CONVERSION = YES;
				CLANG_WARN_OBJC_ROOT_CLASS = YES_ERROR;
				CLANG_WARN_QUOTED_INCLUDE_IN_FRAMEWORK_HEADER = YES;
				CLANG_WARN_RANGE_LOOP_ANALYSIS = YES;
				CLANG_WARN_STRICT_PROTOTYPES = YES;
				CLANG_WARN_SUSPICIOUS_MOVE = YES;
				CLANG_WARN_UNGUARDED_AVAILABILITY = YES_AGGRESSIVE;
				CLANG_WARN_UNREACHABLE_CODE = YES;
				CLANG_WARN__DUPLICATE_METHOD_MATCH = YES;
				COPY_PHASE_STRIP = NO;
				DEBUG_INFORMATION_FORMAT = "dwarf-with-dsym";
				ENABLE_NS_ASSERTIONS = NO;
				ENABLE_STRICT_OBJC_MSGSEND = YES;
				GCC_C_LANGUAGE_STANDARD = gnu11;
				GCC_NO_COMMON_BLOCKS = YES;
				GCC_WARN_64_TO_32_BIT_CONVERSION = YES;
				GCC_WARN_ABOUT_RETURN_TYPE = YES_ERROR;
				GCC_WARN_UNDECLARED_SELECTOR = YES;
				GCC_WARN_UNINITIALIZED_AUTOS = YES_AGGRESSIVE;
				GCC_WARN_UNUSED_FUNCTION = YES;
				GCC_WARN_UNUSED_VARIABLE = YES;
				IPHONEOS_DEPLOYMENT_TARGET = 14.4;
				MTL_ENABLE_DEBUG_INFO = NO;
				MTL_FAST_MATH = YES;
				SDKROOT = iphoneos;
				VALIDATE_PRODUCT = YES;
			};
			name = Release;
		};
		1862306A265B7F790023A83F /* Debug */ = {
			isa = XCBuildConfiguration;
			buildSettings = {
				ASSETCATALOG_COMPILER_APPICON_NAME = AppIcon;
				ASSETCATALOG_COMPILER_GLOBAL_ACCENT_COLOR_NAME = AccentColor;
				CODE_SIGN_STYLE = Automatic;
				INFOPLIST_FILE = JHURLSchemeHandler/Info.plist;
				IPHONEOS_DEPLOYMENT_TARGET = 12.3;
				LD_RUNPATH_SEARCH_PATHS = (
					"$(inherited)",
					"@executable_path/Frameworks",
				);
				PRODUCT_BUNDLE_IDENTIFIER = com.haocold.JHURLSchemeHandler;
				PRODUCT_NAME = "$(TARGET_NAME)";
				TARGETED_DEVICE_FAMILY = 1;
			};
			name = Debug;
		};
		1862306B265B7F790023A83F /* Release */ = {
			isa = XCBuildConfiguration;
			buildSettings = {
				ASSETCATALOG_COMPILER_APPICON_NAME = AppIcon;
				ASSETCATALOG_COMPILER_GLOBAL_ACCENT_COLOR_NAME = AccentColor;
				CODE_SIGN_STYLE = Automatic;
				INFOPLIST_FILE = JHURLSchemeHandler/Info.plist;
				IPHONEOS_DEPLOYMENT_TARGET = 12.3;
				LD_RUNPATH_SEARCH_PATHS = (
					"$(inherited)",
					"@executable_path/Frameworks",
				);
				PRODUCT_BUNDLE_IDENTIFIER = com.haocold.JHURLSchemeHandler;
				PRODUCT_NAME = "$(TARGET_NAME)";
				TARGETED_DEVICE_FAMILY = 1;
			};
			name = Release;
		};
/* End XCBuildConfiguration section */

/* Begin XCConfigurationList section */
		1862304B265B7F750023A83F /* Build configuration list for PBXProject "JHURLSchemeHandler" */ = {
			isa = XCConfigurationList;
			buildConfigurations = (
				18623067265B7F790023A83F /* Debug */,
				18623068265B7F790023A83F /* Release */,
			);
			defaultConfigurationIsVisible = 0;
			defaultConfigurationName = Release;
		};
		18623069265B7F790023A83F /* Build configuration list for PBXNativeTarget "JHURLSchemeHandler" */ = {
			isa = XCConfigurationList;
			buildConfigurations = (
				1862306A265B7F790023A83F /* Debug */,
				1862306B265B7F790023A83F /* Release */,
			);
			defaultConfigurationIsVisible = 0;
			defaultConfigurationName = Release;
		};
/* End XCConfigurationList section */
	};
	rootObject = 18623048265B7F750023A83F /* Project object */;
}
